
Microsoft Visual Studio Solution File, Format Version 12.00
# Visual Studio Version 17
VisualStudioVersion = 17.9.34728.123
MinimumVisualStudioVersion = 10.0.40219.1
Project("{FAE04EC0-301F-11D3-BF4B-00C04F79EFBC}") = "IntroductionToDb", "IntroductionToDb.csproj", "{30713007-15BC-4099-867F-CB0BE3F46F98}"
EndProject
Global
	GlobalSection(SolutionConfigurationPlatforms) = preSolution
		Debug|Any CPU = Debug|Any CPU
		Release|Any CPU = Release|Any CPU
	EndGlobalSection
	GlobalSection(ProjectConfigurationPlatforms) = postSolution
		{30713007-15BC-4099-867F-CB0BE3F46F98}.Debug|Any CPU.ActiveCfg = Debug|Any CPU
		{30713007-15BC-4099-867F-CB0BE3F46F98}.Debug|Any CPU.Build.0 = Debug|Any CPU
		{30713007-15BC-4099-867F-CB0BE3F46F98}.Release|Any CPU.ActiveCfg = Release|Any CPU
		{30713007-15BC-4099-867F-CB0BE3F46F98}.Release|Any CPU.Build.0 = Release|Any CPU
	EndGlobalSection
	GlobalSection(SolutionProperties) = preSolution
		HideSolutionNode = FALSE
	EndGlobalSection
	GlobalSection(ExtensibilityGlobals) = postSolution
		SolutionGuid = {25A43A2D-29CA-42F7-A071-39CB3E52BCAF}
	EndGlobalSection
EndGlobal
